
Microsoft Visual Studio Solution File, Format Version 12.00
# Visual Studio Version 16
VisualStudioVersion = 16.0.33130.400
MinimumVisualStudioVersion = 10.0.40219.1
Project("{FAE04EC0-301F-11D3-BF4B-00C04F79EFBC}") = "Вычислить по IP", "Вычислить по IP.csproj", "{AD07CE53-C941-414D-AC1D-E9F390D7FD95}"
EndProject
Global
	GlobalSection(SolutionConfigurationPlatforms) = preSolution
		Debug|Any CPU = Debug|Any CPU
		Release|Any CPU = Release|Any CPU
	EndGlobalSection
	GlobalSection(ProjectConfigurationPlatforms) = postSolution
		{AD07CE53-C941-414D-AC1D-E9F390D7FD95}.Debug|Any CPU.ActiveCfg = Debug|Any CPU
		{AD07CE53-C941-414D-AC1D-E9F390D7FD95}.Debug|Any CPU.Build.0 = Debug|Any CPU
		{AD07CE53-C941-414D-AC1D-E9F390D7FD95}.Release|Any CPU.ActiveCfg = Release|Any CPU
		{AD07CE53-C941-414D-AC1D-E9F390D7FD95}.Release|Any CPU.Build.0 = Release|Any CPU
	EndGlobalSection
	GlobalSection(SolutionProperties) = preSolution
		HideSolutionNode = FALSE
	EndGlobalSection
	GlobalSection(ExtensibilityGlobals) = postSolution
		SolutionGuid = {8511B6E8-5896-4E90-BBAB-A518F7B8CF88}
	EndGlobalSection
EndGlobal
